PODS:
  - BaijiaYun/_BJHLMediaPlayer (2.11.13)
  - BaijiaYun/_BJLiveCore (2.11.13):
    - BaijiaYun/_BJHLMediaPlayer
  - BaijiaYun/_BJVideoPlayerCore (2.11.13)
  - BaijiaYun/BJLiveBase (2.11.13)
  - BaijiaYun/BJLiveCore (2.11.13):
    - BaijiaYun/_BJLiveCore
    - BaijiaYun/BJLiveBase
    - BaijiaYun/BJYRTCEngine
    - BaijiaYun/Tencent
  - BaijiaYun/BJRTCSDK (2.11.13)
  - BaijiaYun/BJVideoPlayerCore (2.11.13):
    - BaijiaYun/_BJVideoPlayerCore
    - BaijiaYun/BJLiveCore
  - BaijiaYun/BJYIJKMediaPlayer (2.11.13)
  - BaijiaYun/BJYRTCEngine (2.11.13):
    - BaijiaYun/BJRTCSDK
    - BaijiaYun/BJYIJKMediaPlayer
    - BRTC (~> 0.6.6)
  - BaijiaYun/Tencent (2.11.13):
    - TXLiteAVSDK_TRTC (~> 8.4.9944)
  - BRTC (0.6.6):
    - TXLiteAVSDK_TRTC (~> 8.4.9944)
    - Vloud (= 1.7.1005)
  - Flutter (1.0.0)
  - flutter_bjyplayer (0.0.1):
    - BaijiaYun/BJVideoPlayerCore (~> 2.11.8)
    - Flutter
    - flutter_bjyplayer/static.source (= 0.0.1)
  - flutter_bjyplayer/static.source (0.0.1):
    - BaijiaYun/BJVideoPlayerCore (~> 2.11.8)
    - Flutter
  - TXLiteAVSDK_TRTC (8.4.9944)
  - Vloud (1.7.1005)

DEPENDENCIES:
  - Flutter (from `Flutter`)
  - flutter_bjyplayer (from `.symlinks/plugins/flutter_bjyplayer/ios`)

SPEC REPOS:
  https://git.baijiashilian.com/open-ios/specs.git:
    - BaijiaYun
    - BRTC
    - Vloud
  https://github.com/CocoaPods/Specs.git:
    - TXLiteAVSDK_TRTC

EXTERNAL SOURCES:
  Flutter:
    :path: Flutter
  flutter_bjyplayer:
    :path: ".symlinks/plugins/flutter_bjyplayer/ios"

SPEC CHECKSUMS:
  BaijiaYun: 42c4f8c93ffff5bc6ebf53098d10db251c6ab6e0
  BRTC: dc33907bd8c51a649d0b0b1852a5b573447041b3
  Flutter: 50d75fe2f02b26cc09d224853bb45737f8b3214a
  flutter_bjyplayer: f7fc987f97c18c4b4eb39163a4b42575ae4a16f0
  TXLiteAVSDK_TRTC: b23d0e558339396d3e34c6b39d5bebf3ed8f9700
  Vloud: 2a4a50124933596c74523414db79a5e05642098c

PODFILE CHECKSUM: 51e6bcb9fbac8ff06073b240f33da8265d68ef41

COCOAPODS: 1.11.2
